<?xml version="1.0" encoding="utf-8"?>
<Project ToolsVersion="4.0" xmlns="http://schemas.microsoft.com/developer/msbuild/2003">
  <ItemGroup>
    <Filter Include="Source Files">
      <UniqueIdentifier>{af02766a-abdb-4859-af08-1b7fcea69efd}</UniqueIdentifier>
      <Extensions>cpp;c;cxx;def;odl;idl;hpj;bat;asm</Extensions>
    </Filter>
    <Filter Include="Header Files">
      <UniqueIdentifier>{4a53ffd9-087d-4c25-9ea4-93a807af0108}</UniqueIdentifier>
      <Extensions>h;hpp;hxx;hm;inl;inc</Extensions>
    </Filter>
    <Filter Include="Resource Files">
      <UniqueIdentifier>{95bbcda9-bff5-4228-9221-8329f524b162}</UniqueIdentifier>
      <Extensions>rc;ico;cur;bmp;dlg;rc2;rct;bin;rgs;gif;jpg;jpeg;jpe</Extensions>
    </Filter>
  </ItemGroup>
  <ItemGroup>
    <ClCompile Include="..\PDQ-3\pdq3_cpu.c">
      <Filter>Source Files</Filter>
    </ClCompile>
    <ClCompile Include="..\PDQ-3\pdq3_debug.c">
      <Filter>Source Files</Filter>
    </ClCompile>
    <ClCompile Include="..\PDQ-3\pdq3_fdc.c">
      <Filter>Source Files</Filter>
    </ClCompile>
    <ClCompile Include="..\PDQ-3\pdq3_mem.c">
      <Filter>Source Files</Filter>
    </ClCompile>
    <ClCompile Include="..\PDQ-3\pdq3_stddev.c">
      <Filter>Source Files</Filter>
    </ClCompile>
    <ClCompile Include="..\PDQ-3\pdq3_sys.c">
      <Filter>Source Files</Filter>
    </ClCompile>
    <ClCompile Include="..\scp.c">
      <Filter>Source Files</Filter>
    </ClCompile>
    <ClCompile Include="..\sim_console.c">
      <Filter>Source Files</Filter>
    </ClCompile>
    <ClCompile Include="..\sim_disk.c">
      <Filter>Source Files</Filter>
    </ClCompile>
    <ClCompile Include="..\sim_ether.c">
      <Filter>Source Files</Filter>
    </ClCompile>
    <ClCompile Include="..\sim_fio.c">
      <Filter>Source Files</Filter>
    </ClCompile>
    <ClCompile Include="..\sim_imd.c">
      <Filter>Source Files</Filter>
    </ClCompile>
    <ClCompile Include="..\sim_serial.c">
      <Filter>Source Files</Filter>
    </ClCompile>
    <ClCompile Include="..\sim_sock.c">
      <Filter>Source Files</Filter>
    </ClCompile>
    <ClCompile Include="..\sim_tape.c">
      <Filter>Source Files</Filter>
    </ClCompile>
    <ClCompile Include="..\sim_timer.c">
      <Filter>Source Files</Filter>
    </ClCompile>
    <ClCompile Include="..\sim_tmxr.c">
      <Filter>Source Files</Filter>
    </ClCompile>
    <ClCompile Include="..\sim_video.c">
      <Filter>Source Files</Filter>
    </ClCompile>
  </ItemGroup>
  <ItemGroup>
    <ClInclude Include="..\PDQ-3\pdq3_defs.h">
      <Filter>Header Files</Filter>
    </ClInclude>
    <ClInclude Include="..\scp.h">
      <Filter>Header Files</Filter>
    </ClInclude>
    <ClInclude Include="..\sim_console.h">
      <Filter>Header Files</Filter>
    </ClInclude>
    <ClInclude Include="..\sim_defs.h">
      <Filter>Header Files</Filter>
    </ClInclude>
    <ClInclude Include="..\sim_disk.h">
      <Filter>Header Files</Filter>
    </ClInclude>
    <ClInclude Include="..\sim_ether.h">
      <Filter>Header Files</Filter>
    </ClInclude>
    <ClInclude Include="..\sim_fio.h">
      <Filter>Header Files</Filter>
    </ClInclude>
    <ClInclude Include="..\sim_imd.h">
      <Filter>Header Files</Filter>
    </ClInclude>
    <ClInclude Include="..\sim_rev.h">
      <Filter>Header Files</Filter>
    </ClInclude>
    <ClInclude Include="..\sim_serial.h">
      <Filter>Header Files</Filter>
    </ClInclude>
    <ClInclude Include="..\sim_sock.h">
      <Filter>Header Files</Filter>
    </ClInclude>
    <ClInclude Include="..\sim_tape.h">
      <Filter>Header Files</Filter>
    </ClInclude>
    <ClInclude Include="..\sim_timer.h">
      <Filter>Header Files</Filter>
    </ClInclude>
    <ClInclude Include="..\sim_tmxr.h">
      <Filter>Header Files</Filter>
    </ClInclude>
    <ClInclude Include="..\sim_video.h">
      <Filter>Header Files</Filter>
    </ClInclude>
  </ItemGroup>
</Project>