<?xml version="1.0" encoding="utf-8"?>
<Project ToolsVersion="4.0" xmlns="http://schemas.microsoft.com/developer/msbuild/2003">
  <ItemGroup>
    <Filter Include="Source Files">
      <UniqueIdentifier>{b8c35752-35a6-4a1b-85a5-bf17deaaa52d}</UniqueIdentifier>
      <Extensions>cpp;c;cxx;def;odl;idl;hpj;bat;asm</Extensions>
    </Filter>
    <Filter Include="Header Files">
      <UniqueIdentifier>{b3469811-2388-447a-9b58-343bed886dd7}</UniqueIdentifier>
      <Extensions>h;hpp;hxx;hm;inl;inc</Extensions>
    </Filter>
    <Filter Include="Resource Files">
      <UniqueIdentifier>{8cf823f8-2d14-4aeb-b7c2-c0397be9c014}</UniqueIdentifier>
      <Extensions>rc;ico;cur;bmp;dlg;rc2;rct;bin;rgs;gif;jpg;jpeg;jpe</Extensions>
    </Filter>
  </ItemGroup>
  <ItemGroup>
    <ClCompile Include="..\Intel-Systems\common\i8008.c">
      <Filter>Source Files</Filter>
    </ClCompile>
    <ClCompile Include="..\Intel-Systems\scelbi\scelbi_io.c">
      <Filter>Source Files</Filter>
    </ClCompile>
    <ClCompile Include="..\Intel-Systems\scelbi\scelbi_sys.c">
      <Filter>Source Files</Filter>
    </ClCompile>
    <ClCompile Include="..\scp.c">
      <Filter>Source Files</Filter>
    </ClCompile>
    <ClCompile Include="..\sim_console.c">
      <Filter>Source Files</Filter>
    </ClCompile>
    <ClCompile Include="..\sim_disk.c">
      <Filter>Source Files</Filter>
    </ClCompile>
    <ClCompile Include="..\sim_ether.c">
      <Filter>Source Files</Filter>
    </ClCompile>
    <ClCompile Include="..\sim_fio.c">
      <Filter>Source Files</Filter>
    </ClCompile>
    <ClCompile Include="..\sim_serial.c">
      <Filter>Source Files</Filter>
    </ClCompile>
    <ClCompile Include="..\sim_sock.c">
      <Filter>Source Files</Filter>
    </ClCompile>
    <ClCompile Include="..\sim_tape.c">
      <Filter>Source Files</Filter>
    </ClCompile>
    <ClCompile Include="..\sim_timer.c">
      <Filter>Source Files</Filter>
    </ClCompile>
    <ClCompile Include="..\sim_tmxr.c">
      <Filter>Source Files</Filter>
    </ClCompile>
    <ClCompile Include="..\sim_video.c">
      <Filter>Source Files</Filter>
    </ClCompile>
  </ItemGroup>
  <ItemGroup>
    <ClInclude Include="..\scp.h">
      <Filter>Header Files</Filter>
    </ClInclude>
    <ClInclude Include="..\sim_console.h">
      <Filter>Header Files</Filter>
    </ClInclude>
    <ClInclude Include="..\sim_defs.h">
      <Filter>Header Files</Filter>
    </ClInclude>
    <ClInclude Include="..\sim_disk.h">
      <Filter>Header Files</Filter>
    </ClInclude>
    <ClInclude Include="..\sim_ether.h">
      <Filter>Header Files</Filter>
    </ClInclude>
    <ClInclude Include="..\sim_fio.h">
      <Filter>Header Files</Filter>
    </ClInclude>
    <ClInclude Include="..\sim_rev.h">
      <Filter>Header Files</Filter>
    </ClInclude>
    <ClInclude Include="..\sim_serial.h">
      <Filter>Header Files</Filter>
    </ClInclude>
    <ClInclude Include="..\sim_sock.h">
      <Filter>Header Files</Filter>
    </ClInclude>
    <ClInclude Include="..\sim_tape.h">
      <Filter>Header Files</Filter>
    </ClInclude>
    <ClInclude Include="..\sim_timer.h">
      <Filter>Header Files</Filter>
    </ClInclude>
    <ClInclude Include="..\sim_tmxr.h">
      <Filter>Header Files</Filter>
    </ClInclude>
    <ClInclude Include="..\sim_video.h">
      <Filter>Header Files</Filter>
    </ClInclude>
    <ClInclude Include="..\Intel-Systems\scelbi\system_defs.h">
      <Filter>Header Files</Filter>
    </ClInclude>
  </ItemGroup>
</Project>